{
  "lockfileVersion": 1,
  "workspaces": {
    "": {
      "name": "graphql-schema-extract",
      "devDependencies": {
        "@graphql-tools/utils": "^10.5.4",
        "@types/bun": "latest",
        "graphql": "^16.9.0",
        "typescript": "^5.9.3",
        "zod": "^4.1.13",
      },
      "peerDependencies": {
        "graphql": "^16.0.0",
      },
    },
  },
  "packages": {
    "@graphql-tools/utils": ["@graphql-tools/utils@10.10.0", "", { "dependencies": { "@graphql-typed-document-node/core": "^3.1.1", "@whatwg-node/promise-helpers": "^1.0.0", "cross-inspect": "1.0.1", "dset": "^3.1.4", "tslib": "^2.4.0" }, "peerDependencies": { "graphql": "^14.0.0 || ^15.0.0 || ^16.0.0 || ^17.0.0" } }, "sha512-OOeab5Y9qeKq0zfoJCSScMcDfGcIxp05+LW2xYVCS2l3su+K3lYcg5+cAAx9n0SFxpJl8zF5denq2QDsfM7NnQ=="],

    "@graphql-typed-document-node/core": ["@graphql-typed-document-node/core@3.2.0", "", { "peerDependencies": { "graphql": "^0.8.0 || ^0.9.0 || ^0.10.0 || ^0.11.0 || ^0.12.0 || ^0.13.0 || ^14.0.0 || ^15.0.0 || ^16.0.0 || ^17.0.0" } }, "sha512-mB9oAsNCm9aM3/SOv4YtBMqZbYj10R7dkq8byBqxGY/ncFwhf2oQzMV+LCRlWoDSEBJ3COiR1yeDvMtsoOsuFQ=="],

    "@types/bun": ["@types/bun@1.3.1", "", { "dependencies": { "bun-types": "1.3.1" } }, "sha512-4jNMk2/K9YJtfqwoAa28c8wK+T7nvJFOjxI4h/7sORWcypRNxBpr+TPNaCfVWq70tLCJsqoFwcf0oI0JU/fvMQ=="],

    "@types/node": ["@types/node@24.9.2", "", { "dependencies": { "undici-types": "~7.16.0" } }, "sha512-uWN8YqxXxqFMX2RqGOrumsKeti4LlmIMIyV0lgut4jx7KQBcBiW6vkDtIBvHnHIquwNfJhk8v2OtmO8zXWHfPA=="],

    "@types/react": ["@types/react@19.2.2", "", { "dependencies": { "csstype": "^3.0.2" } }, "sha512-6mDvHUFSjyT2B2yeNx2nUgMxh9LtOWvkhIU3uePn2I2oyNymUAX1NIsdgviM4CH+JSrp2D2hsMvJOkxY+0wNRA=="],

    "@whatwg-node/promise-helpers": ["@whatwg-node/promise-helpers@1.3.2", "", { "dependencies": { "tslib": "^2.6.3" } }, "sha512-Nst5JdK47VIl9UcGwtv2Rcgyn5lWtZ0/mhRQ4G8NN2isxpq2TO30iqHzmwoJycjWuyUfg3GFXqP/gFHXeV57IA=="],

    "bun-types": ["bun-types@1.3.1", "", { "dependencies": { "@types/node": "*" }, "peerDependencies": { "@types/react": "^19" } }, "sha512-NMrcy7smratanWJ2mMXdpatalovtxVggkj11bScuWuiOoXTiKIu2eVS1/7qbyI/4yHedtsn175n4Sm4JcdHLXw=="],

    "cross-inspect": ["cross-inspect@1.0.1", "", { "dependencies": { "tslib": "^2.4.0" } }, "sha512-Pcw1JTvZLSJH83iiGWt6fRcT+BjZlCDRVwYLbUcHzv/CRpB7r0MlSrGbIyQvVSNyGnbt7G4AXuyCiDR3POvZ1A=="],

    "csstype": ["csstype@3.1.3", "", {}, "sha512-M1uQkMl8rQK/szD0LNhtqxIPLpimGm8sOBwU7lLnCpSbTyY3yeU1Vc7l4KT5zT4s/yOxHH5O7tIuuLOCnLADRw=="],

    "dset": ["dset@3.1.4", "", {}, "sha512-2QF/g9/zTaPDc3BjNcVTGoBbXBgYfMTTceLaYcFJ/W9kggFUkhxD/hMEeuLKbugyef9SqAx8cpgwlIP/jinUTA=="],

    "graphql": ["graphql@16.12.0", "", {}, "sha512-DKKrynuQRne0PNpEbzuEdHlYOMksHSUI8Zc9Unei5gTsMNA2/vMpoMz/yKba50pejK56qj98qM0SjYxAKi13gQ=="],

    "tslib": ["tslib@2.8.1", "", {}, "sha512-oJFu94HQb+KVduSUQL7wnpmqnfmLsOA/nAh6b6EH0wCEoK0/mPeXU6c3wKDV83MkOuHPRHtSXKKU99IBazS/2w=="],

    "typescript": ["typescript@5.9.3", "", { "bin": { "tsc": "bin/tsc", "tsserver": "bin/tsserver" } }, "sha512-jl1vZzPDinLr9eUt3J/t7V6FgNEw9QjvBPdysz9KfQDD41fQrC2Y4vKQdiaUpFT4bXlb1RHhLpp8wtm6M5TgSw=="],

    "undici-types": ["undici-types@7.16.0", "", {}, "sha512-Zz+aZWSj8LE6zoxD+xrjh4VfkIG8Ya6LvYkZqtUQGJPZjYl53ypCaUwWqo7eI0x66KBGeRo+mlBEkMSeSZ38Nw=="],

    "zod": ["zod@4.1.13", "", {}, "sha512-AvvthqfqrAhNH9dnfmrfKzX5upOdjUVJYFqNSlkmGf64gRaTzlPwz99IHYnVs28qYAybvAlBV+H7pn0saFY4Ig=="],
  }
}
